
Microsoft Visual Studio Solution File, Format Version 12.00
# Visual Studio Version 17
VisualStudioVersion = 17.9.34728.123
MinimumVisualStudioVersion = 10.0.40219.1
Project("{FAE04EC0-301F-11D3-BF4B-00C04F79EFBC}") = "PomoshnikPolicliniki", "PomoshnikPolicliniki\PomoshnikPolicliniki.csproj", "{164170B9-D508-4035-8AA1-05368FFFF1A2}"
EndProject
Global
	GlobalSection(SolutionConfigurationPlatforms) = preSolution
		Debug|Any CPU = Debug|Any CPU
		Release|Any CPU = Release|Any CPU
	EndGlobalSection
	GlobalSection(ProjectConfigurationPlatforms) = postSolution
		{164170B9-D508-4035-8AA1-05368FFFF1A2}.Debug|Any CPU.ActiveCfg = Debug|Any CPU
		{164170B9-D508-4035-8AA1-05368FFFF1A2}.Debug|Any CPU.Build.0 = Debug|Any CPU
		{164170B9-D508-4035-8AA1-05368FFFF1A2}.Release|Any CPU.ActiveCfg = Release|Any CPU
		{164170B9-D508-4035-8AA1-05368FFFF1A2}.Release|Any CPU.Build.0 = Release|Any CPU
	EndGlobalSection
	GlobalSection(SolutionProperties) = preSolution
		HideSolutionNode = FALSE
	EndGlobalSection
	GlobalSection(ExtensibilityGlobals) = postSolution
		SolutionGuid = {0A983EF2-5461-4BC2-A2DD-1FF6B5EFA3BE}
	EndGlobalSection
EndGlobal
